
Microsoft Visual Studio Solution File, Format Version 12.00
# Visual Studio Version 17
VisualStudioVersion = 17.3.32825.248
MinimumVisualStudioVersion = 10.0.40219.1
Project("{FAE04EC0-301F-11D3-BF4B-00C04F79EFBC}") = "biblioteca_3_1.Android", "biblioteca_3_1\biblioteca_3_1.Android\biblioteca_3_1.Android.csproj", "{E41A1E98-DBDB-487B-A69A-C89ED14AD472}"
EndProject
Project("{FAE04EC0-301F-11D3-BF4B-00C04F79EFBC}") = "biblioteca_3_1.iOS", "biblioteca_3_1\biblioteca_3_1.iOS\biblioteca_3_1.iOS.csproj", "{6608B91C-E478-4A8B-AC3C-348BA201DC7F}"
EndProject
Project("{FAE04EC0-301F-11D3-BF4B-00C04F79EFBC}") = "biblioteca_3_1", "biblioteca_3_1\biblioteca_3_1\biblioteca_3_1.csproj", "{3248EF2A-086F-4673-9000-F73046CA616C}"
EndProject
Global
	GlobalSection(SolutionConfigurationPlatforms) = preSolution
		Debug|Any CPU = Debug|Any CPU
		Debug|iPhone = Debug|iPhone
		Debug|iPhoneSimulator = Debug|iPhoneSimulator
		Release|Any CPU = Release|Any CPU
		Release|iPhone = Release|iPhone
		Release|iPhoneSimulator = Release|iPhoneSimulator
	EndGlobalSection
	GlobalSection(ProjectConfigurationPlatforms) = postSolution
		{E41A1E98-DBDB-487B-A69A-C89ED14AD472}.Debug|Any CPU.ActiveCfg = Debug|Any CPU
		{E41A1E98-DBDB-487B-A69A-C89ED14AD472}.Debug|Any CPU.Build.0 = Debug|Any CPU
		{E41A1E98-DBDB-487B-A69A-C89ED14AD472}.Debug|Any CPU.Deploy.0 = Debug|Any CPU
		{E41A1E98-DBDB-487B-A69A-C89ED14AD472}.Debug|iPhone.ActiveCfg = Debug|Any CPU
		{E41A1E98-DBDB-487B-A69A-C89ED14AD472}.Debug|iPhone.Build.0 = Debug|Any CPU
		{E41A1E98-DBDB-487B-A69A-C89ED14AD472}.Debug|iPhone.Deploy.0 = Debug|Any CPU
		{E41A1E98-DBDB-487B-A69A-C89ED14AD472}.Debug|iPhoneSimulator.ActiveCfg = Debug|Any CPU
		{E41A1E98-DBDB-487B-A69A-C89ED14AD472}.Debug|iPhoneSimulator.Build.0 = Debug|Any CPU
		{E41A1E98-DBDB-487B-A69A-C89ED14AD472}.Debug|iPhoneSimulator.Deploy.0 = Debug|Any CPU
		{E41A1E98-DBDB-487B-A69A-C89ED14AD472}.Release|Any CPU.ActiveCfg = Release|Any CPU
		{E41A1E98-DBDB-487B-A69A-C89ED14AD472}.Release|Any CPU.Build.0 = Release|Any CPU
		{E41A1E98-DBDB-487B-A69A-C89ED14AD472}.Release|Any CPU.Deploy.0 = Release|Any CPU
		{E41A1E98-DBDB-487B-A69A-C89ED14AD472}.Release|iPhone.ActiveCfg = Release|Any CPU
		{E41A1E98-DBDB-487B-A69A-C89ED14AD472}.Release|iPhone.Build.0 = Release|Any CPU
		{E41A1E98-DBDB-487B-A69A-C89ED14AD472}.Release|iPhone.Deploy.0 = Release|Any CPU
		{E41A1E98-DBDB-487B-A69A-C89ED14AD472}.Release|iPhoneSimulator.ActiveCfg = Release|Any CPU
		{E41A1E98-DBDB-487B-A69A-C89ED14AD472}.Release|iPhoneSimulator.Build.0 = Release|Any CPU
		{E41A1E98-DBDB-487B-A69A-C89ED14AD472}.Release|iPhoneSimulator.Deploy.0 = Release|Any CPU
		{6608B91C-E478-4A8B-AC3C-348BA201DC7F}.Debug|Any CPU.ActiveCfg = Debug|iPhone
		{6608B91C-E478-4A8B-AC3C-348BA201DC7F}.Debug|Any CPU.Build.0 = Debug|iPhone
		{6608B91C-E478-4A8B-AC3C-348BA201DC7F}.Debug|Any CPU.Deploy.0 = Debug|iPhone
		{6608B91C-E478-4A8B-AC3C-348BA201DC7F}.Debug|iPhone.ActiveCfg = Debug|iPhone
		{6608B91C-E478-4A8B-AC3C-348BA201DC7F}.Debug|iPhone.Build.0 = Debug|iPhone
		{6608B91C-E478-4A8B-AC3C-348BA201DC7F}.Debug|iPhone.Deploy.0 = Debug|iPhone
		{6608B91C-E478-4A8B-AC3C-348BA201DC7F}.Debug|iPhoneSimulator.ActiveCfg = Debug|iPhoneSimulator
		{6608B91C-E478-4A8B-AC3C-348BA201DC7F}.Debug|iPhoneSimulator.Build.0 = Debug|iPhoneSimulator
		{6608B91C-E478-4A8B-AC3C-348BA201DC7F}.Debug|iPhoneSimulator.Deploy.0 = Debug|iPhoneSimulator
		{6608B91C-E478-4A8B-AC3C-348BA201DC7F}.Release|Any CPU.ActiveCfg = Release|iPhoneSimulator
		{6608B91C-E478-4A8B-AC3C-348BA201DC7F}.Release|Any CPU.Build.0 = Release|iPhoneSimulator
		{6608B91C-E478-4A8B-AC3C-348BA201DC7F}.Release|Any CPU.Deploy.0 = Release|iPhoneSimulator
		{6608B91C-E478-4A8B-AC3C-348BA201DC7F}.Release|iPhone.ActiveCfg = Release|iPhone
		{6608B91C-E478-4A8B-AC3C-348BA201DC7F}.Release|iPhone.Build.0 = Release|iPhone
		{6608B91C-E478-4A8B-AC3C-348BA201DC7F}.Release|iPhone.Deploy.0 = Release|iPhone
		{6608B91C-E478-4A8B-AC3C-348BA201DC7F}.Release|iPhoneSimulator.ActiveCfg = Release|iPhoneSimulator
		{6608B91C-E478-4A8B-AC3C-348BA201DC7F}.Release|iPhoneSimulator.Build.0 = Release|iPhoneSimulator
		{6608B91C-E478-4A8B-AC3C-348BA201DC7F}.Release|iPhoneSimulator.Deploy.0 = Release|iPhoneSimulator
		{3248EF2A-086F-4673-9000-F73046CA616C}.Debug|Any CPU.ActiveCfg = Debug|Any CPU
		{3248EF2A-086F-4673-9000-F73046CA616C}.Debug|Any CPU.Build.0 = Debug|Any CPU
		{3248EF2A-086F-4673-9000-F73046CA616C}.Debug|Any CPU.Deploy.0 = Debug|Any CPU
		{3248EF2A-086F-4673-9000-F73046CA616C}.Debug|iPhone.ActiveCfg = Debug|Any CPU
		{3248EF2A-086F-4673-9000-F73046CA616C}.Debug|iPhone.Build.0 = Debug|Any CPU
		{3248EF2A-086F-4673-9000-F73046CA616C}.Debug|iPhone.Deploy.0 = Debug|Any CPU
		{3248EF2A-086F-4673-9000-F73046CA616C}.Debug|iPhoneSimulator.ActiveCfg = Debug|Any CPU
		{3248EF2A-086F-4673-9000-F73046CA616C}.Debug|iPhoneSimulator.Build.0 = Debug|Any CPU
		{3248EF2A-086F-4673-9000-F73046CA616C}.Debug|iPhoneSimulator.Deploy.0 = Debug|Any CPU
		{3248EF2A-086F-4673-9000-F73046CA616C}.Release|Any CPU.ActiveCfg = Release|Any CPU
		{3248EF2A-086F-4673-9000-F73046CA616C}.Release|Any CPU.Build.0 = Release|Any CPU
		{3248EF2A-086F-4673-9000-F73046CA616C}.Release|Any CPU.Deploy.0 = Release|Any CPU
		{3248EF2A-086F-4673-9000-F73046CA616C}.Release|iPhone.ActiveCfg = Release|Any CPU
		{3248EF2A-086F-4673-9000-F73046CA616C}.Release|iPhone.Build.0 = Release|Any CPU
		{3248EF2A-086F-4673-9000-F73046CA616C}.Release|iPhone.Deploy.0 = Release|Any CPU
		{3248EF2A-086F-4673-9000-F73046CA616C}.Release|iPhoneSimulator.ActiveCfg = Release|Any CPU
		{3248EF2A-086F-4673-9000-F73046CA616C}.Release|iPhoneSimulator.Build.0 = Release|Any CPU
		{3248EF2A-086F-4673-9000-F73046CA616C}.Release|iPhoneSimulator.Deploy.0 = Release|Any CPU
	EndGlobalSection
	GlobalSection(SolutionProperties) = preSolution
		HideSolutionNode = FALSE
	EndGlobalSection
	GlobalSection(ExtensibilityGlobals) = postSolution
		SolutionGuid = {FB4A9335-AD30-47C2-B1F3-61097561DDBB}
	EndGlobalSection
EndGlobal
